// !$*UTF8*$!
{
	archiveVersion = 1;
	classes = {
	};
	objectVersion = 48;
	objects = {

/* Begin PBXBuildFile section */
		4C6B2FF22075BC4300757A9F /* CircleOfFifths.swift in Sources */ = {isa = PBXBuildFile; fileRef = 4C6B2FF12075BC4300757A9F /* CircleOfFifths.swift */; };
		4CAE7C22204B03D70037C9DB /* CircleOfFifthsPickerView.swift in Sources */ = {isa = PBXBuildFile; fileRef = 4CAE7C21204B03D70037C9DB /* CircleOfFifthsPickerView.swift */; };
		4CAE7C26204B05A30037C9DB /* CircleOfFifthsPickerViewDelegate.swift in Sources */ = {isa = PBXBuildFile; fileRef = 4CAE7C25204B05A30037C9DB /* CircleOfFifthsPickerViewDelegate.swift */; };
		4CB8E6162045197100AD293D /* AppDelegate.swift in Sources */ = {isa = PBXBuildFile; fileRef = 4CB8E6152045197100AD293D /* AppDelegate.swift */; };
		4CB8E6182045197100AD293D /* ViewController.swift in Sources */ = {isa = PBXBuildFile; fileRef = 4CB8E6172045197100AD293D /* ViewController.swift */; };
		4CB8E61B2045197100AD293D /* Main.storyboard in Resources */ = {isa = PBXBuildFile; fileRef = 4CB8E6192045197100AD293D /* Main.storyboard */; };
		4CB8E61D2045197100AD293D /* Assets.xcassets in Resources */ = {isa = PBXBuildFile; fileRef = 4CB8E61C2045197100AD293D /* Assets.xcassets */; };
		4CB8E6202045197200AD293D /* LaunchScreen.storyboard in Resources */ = {isa = PBXBuildFile; fileRef = 4CB8E61E2045197200AD293D /* LaunchScreen.storyboard */; };
		4CB8E62B2045197200AD293D /* ChordTransposerTests.swift in Sources */ = {isa = PBXBuildFile; fileRef = 4CB8E62A2045197200AD293D /* ChordTransposerTests.swift */; };
		4CB8E6362045197300AD293D /* ChordTransposerUITests.swift in Sources */ = {isa = PBXBuildFile; fileRef = 4CB8E6352045197300AD293D /* ChordTransposerUITests.swift */; };
/* End PBXBuildFile section */

/* Begin PBXContainerItemProxy section */
		4CB8E6272045197200AD293D /* PBXContainerItemProxy */ = {
			isa = PBXContainerItemProxy;
			containerPortal = 4CB8E60A2045197000AD293D /* Project object */;
			proxyType = 1;
			remoteGlobalIDString = 4CB8E6112045197000AD293D;
			remoteInfo = ChordTransposer;
		};
		4CB8E6322045197300AD293D /* PBXContainerItemProxy */ = {
			isa = PBXContainerItemProxy;
			containerPortal = 4CB8E60A2045197000AD293D /* Project object */;
			proxyType = 1;
			remoteGlobalIDString = 4CB8E6112045197000AD293D;
			remoteInfo = ChordTransposer;
		};
/* End PBXContainerItemProxy section */

/* Begin PBXFileReference section */
		4C6B2FF12075BC4300757A9F /* CircleOfFifths.swift */ = {isa = PBXFileReference; lastKnownFileType = sourcecode.swift; path = CircleOfFifths.swift; sourceTree = "<group>"; };
		4CAE7C21204B03D70037C9DB /* CircleOfFifthsPickerView.swift */ = {isa = PBXFileReference; lastKnownFileType = sourcecode.swift; path = CircleOfFifthsPickerView.swift; sourceTree = "<group>"; };
		4CAE7C25204B05A30037C9DB /* CircleOfFifthsPickerViewDelegate.swift */ = {isa = PBXFileReference; lastKnownFileType = sourcecode.swift; path = CircleOfFifthsPickerViewDelegate.swift; sourceTree = "<group>"; };
		4CB8E6122045197000AD293D /* ChordTransposer.app */ = {isa = PBXFileReference; explicitFileType = wrapper.application; includeInIndex = 0; path = ChordTransposer.app; sourceTree = BUILT_PRODUCTS_DIR; };
		4CB8E6152045197100AD293D /* AppDelegate.swift */ = {isa = PBXFileReference; lastKnownFileType = sourcecode.swift; path = AppDelegate.swift; sourceTree = "<group>"; };
		4CB8E6172045197100AD293D /* ViewController.swift */ = {isa = PBXFileReference; lastKnownFileType = sourcecode.swift; path = ViewController.swift; sourceTree = "<group>"; };
		4CB8E61A2045197100AD293D /* Base */ = {isa = PBXFileReference; lastKnownFileType = file.storyboard; name = Base; path = Base.lproj/Main.storyboard; sourceTree = "<group>"; };
		4CB8E61C2045197100AD293D /* Assets.xcassets */ = {isa = PBXFileReference; lastKnownFileType = folder.assetcatalog; path = Assets.xcassets; sourceTree = "<group>"; };
		4CB8E61F2045197200AD293D /* Base */ = {isa = PBXFileReference; lastKnownFileType = file.storyboard; name = Base; path = Base.lproj/LaunchScreen.storyboard; sourceTree = "<group>"; };
		4CB8E6212045197200AD293D /* Info.plist */ = {isa = PBXFileReference; lastKnownFileType = text.plist.xml; path = Info.plist; sourceTree = "<group>"; };
		4CB8E6262045197200AD293D /* ChordTransposerTests.xctest */ = {isa = PBXFileReference; explicitFileType = wrapper.cfbundle; includeInIndex = 0; path = ChordTransposerTests.xctest; sourceTree = BUILT_PRODUCTS_DIR; };
		4CB8E62A2045197200AD293D /* ChordTransposerTests.swift */ = {isa = PBXFileReference; lastKnownFileType = sourcecode.swift; path = ChordTransposerTests.swift; sourceTree = "<group>"; };
		4CB8E62C2045197300AD293D /* Info.plist */ = {isa = PBXFileReference; lastKnownFileType = text.plist.xml; path = Info.plist; sourceTree = "<group>"; };
		4CB8E6312045197300AD293D /* ChordTransposerUITests.xctest */ = {isa = PBXFileReference; explicitFileType = wrapper.cfbundle; includeInIndex = 0; path = ChordTransposerUITests.xctest; sourceTree = BUILT_PRODUCTS_DIR; };
		4CB8E6352045197300AD293D /* ChordTransposerUITests.swift */ = {isa = PBXFileReference; lastKnownFileType = sourcecode.swift; path = ChordTransposerUITests.swift; sourceTree = "<group>"; };
		4CB8E6372045197300AD293D /* Info.plist */ = {isa = PBXFileReference; lastKnownFileType = text.plist.xml; path = Info.plist; sourceTree = "<group>"; };
/* End PBXFileReference section */

/* Begin PBXFrameworksBuildPhase section */
		4CB8E60F2045197000AD293D /* Frameworks */ = {
			isa = PBXFrameworksBuildPhase;
			buildActionMask = 2147483647;
			files = (
			);
			runOnlyForDeploymentPostprocessing = 0;
		};
		4CB8E6232045197200AD293D /* Frameworks */ = {
			isa = PBXFrameworksBuildPhase;
			buildActionMask = 2147483647;
			files = (
			);
			runOnlyForDeploymentPostprocessing = 0;
		};
		4CB8E62E2045197300AD293D /* Frameworks */ = {
			isa = PBXFrameworksBuildPhase;
			buildActionMask = 2147483647;
			files = (
			);
			runOnlyForDeploymentPostprocessing = 0;
		};
/* End PBXFrameworksBuildPhase section */

/* Begin PBXGroup section */
		4CB8E6092045197000AD293D = {
			isa = PBXGroup;
			children = (
				4CB8E6142045197000AD293D /* ChordTransposer */,
				4CB8E6292045197200AD293D /* ChordTransposerTests */,
				4CB8E6342045197300AD293D /* ChordTransposerUITests */,
				4CB8E6132045197000AD293D /* Products */,
			);
			sourceTree = "<group>";
		};
		4CB8E6132045197000AD293D /* Products */ = {
			isa = PBXGroup;
			children = (
				4CB8E6122045197000AD293D /* ChordTransposer.app */,
				4CB8E6262045197200AD293D /* ChordTransposerTests.xctest */,
				4CB8E6312045197300AD293D /* ChordTransposerUITests.xctest */,
			);
			name = Products;
			sourceTree = "<group>";
		};
		4CB8E6142045197000AD293D /* ChordTransposer */ = {
			isa = PBXGroup;
			children = (
				4CB8E6152045197100AD293D /* AppDelegate.swift */,
				4CB8E6172045197100AD293D /* ViewController.swift */,
				4CB8E6192045197100AD293D /* Main.storyboard */,
				4CB8E61C2045197100AD293D /* Assets.xcassets */,
				4CB8E61E2045197200AD293D /* LaunchScreen.storyboard */,
				4CB8E6212045197200AD293D /* Info.plist */,
				4CAE7C21204B03D70037C9DB /* CircleOfFifthsPickerView.swift */,
				4CAE7C25204B05A30037C9DB /* CircleOfFifthsPickerViewDelegate.swift */,
				4C6B2FF12075BC4300757A9F /* CircleOfFifths.swift */,
			);
			path = ChordTransposer;
			sourceTree = "<group>";
		};
		4CB8E6292045197200AD293D /* ChordTransposerTests */ = {
			isa = PBXGroup;
			children = (
				4CB8E62A2045197200AD293D /* ChordTransposerTests.swift */,
				4CB8E62C2045197300AD293D /* Info.plist */,
			);
			path = ChordTransposerTests;
			sourceTree = "<group>";
		};
		4CB8E6342045197300AD293D /* ChordTransposerUITests */ = {
			isa = PBXGroup;
			children = (
				4CB8E6352045197300AD293D /* ChordTransposerUITests.swift */,
				4CB8E6372045197300AD293D /* Info.plist */,
			);
			path = ChordTransposerUITests;
			sourceTree = "<group>";
		};
/* End PBXGroup section */

/* Begin PBXNativeTarget section */
		4CB8E6112045197000AD293D /* ChordTransposer */ = {
			isa = PBXNativeTarget;
			buildConfigurationList = 4CB8E63A2045197300AD293D /* Build configuration list for PBXNativeTarget "ChordTransposer" */;
			buildPhases = (
				4CB8E60E2045197000AD293D /* Sources */,
				4CB8E60F2045197000AD293D /* Frameworks */,
				4CB8E6102045197000AD293D /* Resources */,
			);
			buildRules = (
			);
			dependencies = (
			);
			name = ChordTransposer;
			productName = ChordTransposer;
			productReference = 4CB8E6122045197000AD293D /* ChordTransposer.app */;
			productType = "com.apple.product-type.application";
		};
		4CB8E6252045197200AD293D /* ChordTransposerTests */ = {
			isa = PBXNativeTarget;
			buildConfigurationList = 4CB8E63D2045197300AD293D /* Build configuration list for PBXNativeTarget "ChordTransposerTests" */;
			buildPhases = (
				4CB8E6222045197200AD293D /* Sources */,
				4CB8E6232045197200AD293D /* Frameworks */,
				4CB8E6242045197200AD293D /* Resources */,
			);
			buildRules = (
			);
			dependencies = (
				4CB8E6282045197200AD293D /* PBXTargetDependency */,
			);
			name = ChordTransposerTests;
			productName = ChordTransposerTests;
			productReference = 4CB8E6262045197200AD293D /* ChordTransposerTests.xctest */;
			productType = "com.apple.product-type.bundle.unit-test";
		};
		4CB8E6302045197300AD293D /* ChordTransposerUITests */ = {
			isa = PBXNativeTarget;
			buildConfigurationList = 4CB8E6402045197300AD293D /* Build configuration list for PBXNativeTarget "ChordTransposerUITests" */;
			buildPhases = (
				4CB8E62D2045197300AD293D /* Sources */,
				4CB8E62E2045197300AD293D /* Frameworks */,
				4CB8E62F2045197300AD293D /* Resources */,
			);
			buildRules = (
			);
			dependencies = (
				4CB8E6332045197300AD293D /* PBXTargetDependency */,
			);
			name = ChordTransposerUITests;
			productName = ChordTransposerUITests;
			productReference = 4CB8E6312045197300AD293D /* ChordTransposerUITests.xctest */;
			productType = "com.apple.product-type.bundle.ui-testing";
		};
/* End PBXNativeTarget section */

/* Begin PBXProject section */
		4CB8E60A2045197000AD293D /* Project object */ = {
			isa = PBXProject;
			attributes = {
				LastSwiftUpdateCheck = 0920;
				LastUpgradeCheck = 0920;
				ORGANIZATIONNAME = "Quebecois Engineering";
				TargetAttributes = {
					4CB8E6112045197000AD293D = {
						CreatedOnToolsVersion = 9.2;
						ProvisioningStyle = Automatic;
					};
					4CB8E6252045197200AD293D = {
						CreatedOnToolsVersion = 9.2;
						ProvisioningStyle = Automatic;
						TestTargetID = 4CB8E6112045197000AD293D;
					};
					4CB8E6302045197300AD293D = {
						CreatedOnToolsVersion = 9.2;
						ProvisioningStyle = Automatic;
						TestTargetID = 4CB8E6112045197000AD293D;
					};
				};
			};
			buildConfigurationList = 4CB8E60D2045197000AD293D /* Build configuration list for PBXProject "ChordTransposer" */;
			compatibilityVersion = "Xcode 8.0";
			developmentRegion = en;
			hasScannedForEncodings = 0;
			knownRegions = (
				en,
				Base,
			);
			mainGroup = 4CB8E6092045197000AD293D;
			productRefGroup = 4CB8E6132045197000AD293D /* Products */;
			projectDirPath = "";
			projectRoot = "";
			targets = (
				4CB8E6112045197000AD293D /* ChordTransposer */,
				4CB8E6252045197200AD293D /* ChordTransposerTests */,
				4CB8E6302045197300AD293D /* ChordTransposerUITests */,
			);
		};
/* End PBXProject section */

/* Begin PBXResourcesBuildPhase section */
		4CB8E6102045197000AD293D /* Resources */ = {
			isa = PBXResourcesBuildPhase;
			buildActionMask = 2147483647;
			files = (
				4CB8E6202045197200AD293D /* LaunchScreen.storyboard in Resources */,
				4CB8E61D2045197100AD293D /* Assets.xcassets in Resources */,
				4CB8E61B2045197100AD293D /* Main.storyboard in Resources */,
			);
			runOnlyForDeploymentPostprocessing = 0;
		};
		4CB8E6242045197200AD293D /* Resources */ = {
			isa = PBXResourcesBuildPhase;
			buildActionMask = 2147483647;
			files = (
			);
			runOnlyForDeploymentPostprocessing = 0;
		};
		4CB8E62F2045197300AD293D /* Resources */ = {
			isa = PBXResourcesBuildPhase;
			buildActionMask = 2147483647;
			files = (
			);
			runOnlyForDeploymentPostprocessing = 0;
		};
/* End PBXResourcesBuildPhase section */

/* Begin PBXSourcesBuildPhase section */
		4CB8E60E2045197000AD293D /* Sources */ = {
			isa = PBXSourcesBuildPhase;
			buildActionMask = 2147483647;
			files = (
				4CAE7C26204B05A30037C9DB /* CircleOfFifthsPickerViewDelegate.swift in Sources */,
				4CB8E6182045197100AD293D /* ViewController.swift in Sources */,
				4C6B2FF22075BC4300757A9F /* CircleOfFifths.swift in Sources */,
				4CAE7C22204B03D70037C9DB /* CircleOfFifthsPickerView.swift in Sources */,
				4CB8E6162045197100AD293D /* AppDelegate.swift in Sources */,
			);
			runOnlyForDeploymentPostprocessing = 0;
		};
		4CB8E6222045197200AD293D /* Sources */ = {
			isa = PBXSourcesBuildPhase;
			buildActionMask = 2147483647;
			files = (
				4CB8E62B2045197200AD293D /* ChordTransposerTests.swift in Sources */,
			);
			runOnlyForDeploymentPostprocessing = 0;
		};
		4CB8E62D2045197300AD293D /* Sources */ = {
			isa = PBXSourcesBuildPhase;
			buildActionMask = 2147483647;
			files = (
				4CB8E6362045197300AD293D /* ChordTransposerUITests.swift in Sources */,
			);
			runOnlyForDeploymentPostprocessing = 0;
		};
/* End PBXSourcesBuildPhase section */

/* Begin PBXTargetDependency section */
		4CB8E6282045197200AD293D /* PBXTargetDependency */ = {
			isa = PBXTargetDependency;
			target = 4CB8E6112045197000AD293D /* ChordTransposer */;
			targetProxy = 4CB8E6272045197200AD293D /* PBXContainerItemProxy */;
		};
		4CB8E6332045197300AD293D /* PBXTargetDependency */ = {
			isa = PBXTargetDependency;
			target = 4CB8E6112045197000AD293D /* ChordTransposer */;
			targetProxy = 4CB8E6322045197300AD293D /* PBXContainerItemProxy */;
		};
/* End PBXTargetDependency section */

/* Begin PBXVariantGroup section */
		4CB8E6192045197100AD293D /* Main.storyboard */ = {
			isa = PBXVariantGroup;
			children = (
				4CB8E61A2045197100AD293D /* Base */,
			);
			name = Main.storyboard;
			sourceTree = "<group>";
		};
		4CB8E61E2045197200AD293D /* LaunchScreen.storyboard */ = {
			isa = PBXVariantGroup;
			children = (
				4CB8E61F2045197200AD293D /* Base */,
			);
			name = LaunchScreen.storyboard;
			sourceTree = "<group>";
		};
/* End PBXVariantGroup section */

/* Begin XCBuildConfiguration section */
		4CB8E6382045197300AD293D /* Debug */ = {
			isa = XCBuildConfiguration;
			buildSettings = {
				ALWAYS_SEARCH_USER_PATHS = NO;
				CLANG_ANALYZER_NONNULL = YES;
				CLANG_ANALYZER_NUMBER_OBJECT_CONVERSION = YES_AGGRESSIVE;
				CLANG_CXX_LANGUAGE_STANDARD = "gnu++14";
				CLANG_CXX_LIBRARY = "libc++";
				CLANG_ENABLE_MODULES = YES;
				CLANG_ENABLE_OBJC_ARC = YES;
				CLANG_WARN_BLOCK_CAPTURE_AUTORELEASING = YES;
				CLANG_WARN_BOOL_CONVERSION = YES;
				CLANG_WARN_COMMA = YES;
				CLANG_WARN_CONSTANT_CONVERSION = YES;
				CLANG_WARN_DIRECT_OBJC_ISA_USAGE = YES_ERROR;
				CLANG_WARN_DOCUMENTATION_COMMENTS = YES;
				CLANG_WARN_EMPTY_BODY = YES;
				CLANG_WARN_ENUM_CONVERSION = YES;
				CLANG_WARN_INFINITE_RECURSION = YES;
				CLANG_WARN_INT_CONVERSION = YES;
				CLANG_WARN_NON_LITERAL_NULL_CONVERSION = YES;
				CLANG_WARN_OBJC_LITERAL_CONVERSION = YES;
				CLANG_WARN_OBJC_ROOT_CLASS = YES_ERROR;
				CLANG_WARN_RANGE_LOOP_ANALYSIS = YES;
				CLANG_WARN_STRICT_PROTOTYPES = YES;
				CLANG_WARN_SUSPICIOUS_MOVE = YES;
				CLANG_WARN_UNGUARDED_AVAILABILITY = YES_AGGRESSIVE;
				CLANG_WARN_UNREACHABLE_CODE = YES;
				CLANG_WARN__DUPLICATE_METHOD_MATCH = YES;
				CODE_SIGN_IDENTITY = "iPhone Developer";
				COPY_PHASE_STRIP = NO;
				DEBUG_INFORMATION_FORMAT = dwarf;
				ENABLE_STRICT_OBJC_MSGSEND = YES;
				ENABLE_TESTABILITY = YES;
				GCC_C_LANGUAGE_STANDARD = gnu11;
				GCC_DYNAMIC_NO_PIC = NO;
				GCC_NO_COMMON_BLOCKS = YES;
				GCC_OPTIMIZATION_LEVEL = 0;
				GCC_PREPROCESSOR_DEFINITIONS = (
					"DEBUG=1",
					"$(inherited)",
				);
				GCC_WARN_64_TO_32_BIT_CONVERSION = YES;
				GCC_WARN_ABOUT_RETURN_TYPE = YES_ERROR;
				GCC_WARN_UNDECLARED_SELECTOR = YES;
				GCC_WARN_UNINITIALIZED_AUTOS = YES_AGGRESSIVE;
				GCC_WARN_UNUSED_FUNCTION = YES;
				GCC_WARN_UNUSED_VARIABLE = YES;
				IPHONEOS_DEPLOYMENT_TARGET = 11.2;
				MTL_ENABLE_DEBUG_INFO = YES;
				ONLY_ACTIVE_ARCH = YES;
				SDKROOT = iphoneos;
				SWIFT_ACTIVE_COMPILATION_CONDITIONS = DEBUG;
				SWIFT_OPTIMIZATION_LEVEL = "-Onone";
			};
			name = Debug;
		};
		4CB8E6392045197300AD293D /* Release */ = {
			isa = XCBuildConfiguration;
			buildSettings = {
				ALWAYS_SEARCH_USER_PATHS = NO;
				CLANG_ANALYZER_NONNULL = YES;
				CLANG_ANALYZER_NUMBER_OBJECT_CONVERSION = YES_AGGRESSIVE;
				CLANG_CXX_LANGUAGE_STANDARD = "gnu++14";
				CLANG_CXX_LIBRARY = "libc++";
				CLANG_ENABLE_MODULES = YES;
				CLANG_ENABLE_OBJC_ARC = YES;
				CLANG_WARN_BLOCK_CAPTURE_AUTORELEASING = YES;
				CLANG_WARN_BOOL_CONVERSION = YES;
				CLANG_WARN_COMMA = YES;
				CLANG_WARN_CONSTANT_CONVERSION = YES;
				CLANG_WARN_DIRECT_OBJC_ISA_USAGE = YES_ERROR;
				CLANG_WARN_DOCUMENTATION_COMMENTS = YES;
				CLANG_WARN_EMPTY_BODY = YES;
				CLANG_WARN_ENUM_CONVERSION = YES;
				CLANG_WARN_INFINITE_RECURSION = YES;
				CLANG_WARN_INT_CONVERSION = YES;
				CLANG_WARN_NON_LITERAL_NULL_CONVERSION = YES;
				CLANG_WARN_OBJC_LITERAL_CONVERSION = YES;
				CLANG_WARN_OBJC_ROOT_CLASS = YES_ERROR;
				CLANG_WARN_RANGE_LOOP_ANALYSIS = YES;
				CLANG_WARN_STRICT_PROTOTYPES = YES;
				CLANG_WARN_SUSPICIOUS_MOVE = YES;
				CLANG_WARN_UNGUARDED_AVAILABILITY = YES_AGGRESSIVE;
				CLANG_WARN_UNREACHABLE_CODE = YES;
				CLANG_WARN__DUPLICATE_METHOD_MATCH = YES;
				CODE_SIGN_IDENTITY = "iPhone Developer";
				COPY_PHASE_STRIP = NO;
				DEBUG_INFORMATION_FORMAT = "dwarf-with-dsym";
				ENABLE_NS_ASSERTIONS = NO;
				ENABLE_STRICT_OBJC_MSGSEND = YES;
				GCC_C_LANGUAGE_STANDARD = gnu11;
				GCC_NO_COMMON_BLOCKS = YES;
				GCC_WARN_64_TO_32_BIT_CONVERSION = YES;
				GCC_WARN_ABOUT_RETURN_TYPE = YES_ERROR;
				GCC_WARN_UNDECLARED_SELECTOR = YES;
				GCC_WARN_UNINITIALIZED_AUTOS = YES_AGGRESSIVE;
				GCC_WARN_UNUSED_FUNCTION = YES;
				GCC_WARN_UNUSED_VARIABLE = YES;
				IPHONEOS_DEPLOYMENT_TARGET = 11.2;
				MTL_ENABLE_DEBUG_INFO = NO;
				SDKROOT = iphoneos;
				SWIFT_OPTIMIZATION_LEVEL = "-Owholemodule";
				VALIDATE_PRODUCT = YES;
			};
			name = Release;
		};
		4CB8E63B2045197300AD293D /* Debug */ = {
			isa = XCBuildConfiguration;
			buildSettings = {
				ASSETCATALOG_COMPILER_APPICON_NAME = AppIcon;
				CODE_SIGN_STYLE = Automatic;
				INFOPLIST_FILE = ChordTransposer/Info.plist;
				LD_RUNPATH_SEARCH_PATHS = "$(inherited) @executable_path/Frameworks";
				PRODUCT_BUNDLE_IDENTIFIER = com.quebecoiseng.ChordTransposer;
				PRODUCT_NAME = "$(TARGET_NAME)";
				SWIFT_VERSION = 4.0;
				TARGETED_DEVICE_FAMILY = "1,2";
			};
			name = Debug;
		};
		4CB8E63C2045197300AD293D /* Release */ = {
			isa = XCBuildConfiguration;
			buildSettings = {
				ASSETCATALOG_COMPILER_APPICON_NAME = AppIcon;
				CODE_SIGN_STYLE = Automatic;
				INFOPLIST_FILE = ChordTransposer/Info.plist;
				LD_RUNPATH_SEARCH_PATHS = "$(inherited) @executable_path/Frameworks";
				PRODUCT_BUNDLE_IDENTIFIER = com.quebecoiseng.ChordTransposer;
				PRODUCT_NAME = "$(TARGET_NAME)";
				SWIFT_VERSION = 4.0;
				TARGETED_DEVICE_FAMILY = "1,2";
			};
			name = Release;
		};
		4CB8E63E2045197300AD293D /* Debug */ = {
			isa = XCBuildConfiguration;
			buildSettings = {
				ALWAYS_EMBED_SWIFT_STANDARD_LIBRARIES = YES;
				BUNDLE_LOADER = "$(TEST_HOST)";
				CODE_SIGN_STYLE = Automatic;
				INFOPLIST_FILE = ChordTransposerTests/Info.plist;
				LD_RUNPATH_SEARCH_PATHS = "$(inherited) @executable_path/Frameworks @loader_path/Frameworks";
				PRODUCT_BUNDLE_IDENTIFIER = com.quebecoiseng.ChordTransposerTests;
				PRODUCT_NAME = "$(TARGET_NAME)";
				SWIFT_VERSION = 4.0;
				TARGETED_DEVICE_FAMILY = "1,2";
				TEST_HOST = "$(BUILT_PRODUCTS_DIR)/ChordTransposer.app/ChordTransposer";
			};
			name = Debug;
		};
		4CB8E63F2045197300AD293D /* Release */ = {
			isa = XCBuildConfiguration;
			buildSettings = {
				ALWAYS_EMBED_SWIFT_STANDARD_LIBRARIES = YES;
				BUNDLE_LOADER = "$(TEST_HOST)";
				CODE_SIGN_STYLE = Automatic;
				INFOPLIST_FILE = ChordTransposerTests/Info.plist;
				LD_RUNPATH_SEARCH_PATHS = "$(inherited) @executable_path/Frameworks @loader_path/Frameworks";
				PRODUCT_BUNDLE_IDENTIFIER = com.quebecoiseng.ChordTransposerTests;
				PRODUCT_NAME = "$(TARGET_NAME)";
				SWIFT_VERSION = 4.0;
				TARGETED_DEVICE_FAMILY = "1,2";
				TEST_HOST = "$(BUILT_PRODUCTS_DIR)/ChordTransposer.app/ChordTransposer";
			};
			name = Release;
		};
		4CB8E6412045197300AD293D /* Debug */ = {
			isa = XCBuildConfiguration;
			buildSettings = {
				ALWAYS_EMBED_SWIFT_STANDARD_LIBRARIES = YES;
				CODE_SIGN_STYLE = Automatic;
				INFOPLIST_FILE = ChordTransposerUITests/Info.plist;
				LD_RUNPATH_SEARCH_PATHS = "$(inherited) @executable_path/Frameworks @loader_path/Frameworks";
				PRODUCT_BUNDLE_IDENTIFIER = com.quebecoiseng.ChordTransposerUITests;
				PRODUCT_NAME = "$(TARGET_NAME)";
				SWIFT_VERSION = 4.0;
				TARGETED_DEVICE_FAMILY = "1,2";
				TEST_TARGET_NAME = ChordTransposer;
			};
			name = Debug;
		};
		4CB8E6422045197300AD293D /* Release */ = {
			isa = XCBuildConfiguration;
			buildSettings = {
				ALWAYS_EMBED_SWIFT_STANDARD_LIBRARIES = YES;
				CODE_SIGN_STYLE = Automatic;
				INFOPLIST_FILE = ChordTransposerUITests/Info.plist;
				LD_RUNPATH_SEARCH_PATHS = "$(inherited) @executable_path/Frameworks @loader_path/Frameworks";
				PRODUCT_BUNDLE_IDENTIFIER = com.quebecoiseng.ChordTransposerUITests;
				PRODUCT_NAME = "$(TARGET_NAME)";
				SWIFT_VERSION = 4.0;
				TARGETED_DEVICE_FAMILY = "1,2";
				TEST_TARGET_NAME = ChordTransposer;
			};
			name = Release;
		};
/* End XCBuildConfiguration section */

/* Begin XCConfigurationList section */
		4CB8E60D2045197000AD293D /* Build configuration list for PBXProject "ChordTransposer" */ = {
			isa = XCConfigurationList;
			buildConfigurations = (
				4CB8E6382045197300AD293D /* Debug */,
				4CB8E6392045197300AD293D /* Release */,
			);
			defaultConfigurationIsVisible = 0;
			defaultConfigurationName = Release;
		};
		4CB8E63A2045197300AD293D /* Build configuration list for PBXNativeTarget "ChordTransposer" */ = {
			isa = XCConfigurationList;
			buildConfigurations = (
				4CB8E63B2045197300AD293D /* Debug */,
				4CB8E63C2045197300AD293D /* Release */,
			);
			defaultConfigurationIsVisible = 0;
			defaultConfigurationName = Release;
		};
		4CB8E63D2045197300AD293D /* Build configuration list for PBXNativeTarget "ChordTransposerTests" */ = {
			isa = XCConfigurationList;
			buildConfigurations = (
				4CB8E63E2045197300AD293D /* Debug */,
				4CB8E63F2045197300AD293D /* Release */,
			);
			defaultConfigurationIsVisible = 0;
			defaultConfigurationName = Release;
		};
		4CB8E6402045197300AD293D /* Build configuration list for PBXNativeTarget "ChordTransposerUITests" */ = {
			isa = XCConfigurationList;
			buildConfigurations = (
				4CB8E6412045197300AD293D /* Debug */,
				4CB8E6422045197300AD293D /* Release */,
			);
			defaultConfigurationIsVisible = 0;
			defaultConfigurationName = Release;
		};
/* End XCConfigurationList section */
	};
	rootObject = 4CB8E60A2045197000AD293D /* Project object */;
}
